
Microsoft Visual Studio Solution File, Format Version 12.00
# Visual Studio Version 17
VisualStudioVersion = 17.14.36310.24 d17.14
MinimumVisualStudioVersion = 10.0.40219.1
Project("{FAE04EC0-301F-11D3-BF4B-00C04F79EFBC}") = "P02_SalesDatabase", "P02_SalesDatabase\P02_SalesDatabase.csproj", "{28A431E7-9F31-41FB-A274-28F9A4533DF6}"
EndProject
Global
	GlobalSection(SolutionConfigurationPlatforms) = preSolution
		Debug|Any CPU = Debug|Any CPU
		Release|Any CPU = Release|Any CPU
	EndGlobalSection
	GlobalSection(ProjectConfigurationPlatforms) = postSolution
		{28A431E7-9F31-41FB-A274-28F9A4533DF6}.Debug|Any CPU.ActiveCfg = Debug|Any CPU
		{28A431E7-9F31-41FB-A274-28F9A4533DF6}.Debug|Any CPU.Build.0 = Debug|Any CPU
		{28A431E7-9F31-41FB-A274-28F9A4533DF6}.Release|Any CPU.ActiveCfg = Release|Any CPU
		{28A431E7-9F31-41FB-A274-28F9A4533DF6}.Release|Any CPU.Build.0 = Release|Any CPU
	EndGlobalSection
	GlobalSection(SolutionProperties) = preSolution
		HideSolutionNode = FALSE
	EndGlobalSection
	GlobalSection(ExtensibilityGlobals) = postSolution
		SolutionGuid = {584FA6F9-F78C-4C1D-A757-0C40E59FCBD5}
	EndGlobalSection
EndGlobal
